
Microsoft Visual Studio Solution File, Format Version 12.00
# Visual Studio 14
VisualStudioVersion = 14.0.23107.0
MinimumVisualStudioVersion = 10.0.40219.1
Project("{00D1A9C2-B5F0-4AF3-8072-F6C62B433612}") = "Codeflyers.EC.DB", "Codeflyers.EC.DB\Codeflyers.EC.DB.sqlproj", "{72897506-F56D-4481-84E3-912A2F06DEC6}"
EndProject
Project("{00D1A9C2-B5F0-4AF3-8072-F6C62B433612}") = "Codeflyers.EC.Test.DB", "Codeflyers.EC.Test.DB\Codeflyers.EC.Test.DB.sqlproj", "{F3A219BA-3770-4FED-96B6-4472EB90EFB7}"
EndProject
Global
	GlobalSection(SolutionConfigurationPlatforms) = preSolution
		Debug|Any CPU = Debug|Any CPU
		Release|Any CPU = Release|Any CPU
	EndGlobalSection
	GlobalSection(ProjectConfigurationPlatforms) = postSolution
		{72897506-F56D-4481-84E3-912A2F06DEC6}.Debug|Any CPU.ActiveCfg = Debug|Any CPU
		{72897506-F56D-4481-84E3-912A2F06DEC6}.Debug|Any CPU.Build.0 = Debug|Any CPU
		{72897506-F56D-4481-84E3-912A2F06DEC6}.Debug|Any CPU.Deploy.0 = Debug|Any CPU
		{72897506-F56D-4481-84E3-912A2F06DEC6}.Release|Any CPU.ActiveCfg = Release|Any CPU
		{72897506-F56D-4481-84E3-912A2F06DEC6}.Release|Any CPU.Build.0 = Release|Any CPU
		{72897506-F56D-4481-84E3-912A2F06DEC6}.Release|Any CPU.Deploy.0 = Release|Any CPU
		{F3A219BA-3770-4FED-96B6-4472EB90EFB7}.Debug|Any CPU.ActiveCfg = Debug|Any CPU
		{F3A219BA-3770-4FED-96B6-4472EB90EFB7}.Debug|Any CPU.Build.0 = Debug|Any CPU
		{F3A219BA-3770-4FED-96B6-4472EB90EFB7}.Debug|Any CPU.Deploy.0 = Debug|Any CPU
		{F3A219BA-3770-4FED-96B6-4472EB90EFB7}.Release|Any CPU.ActiveCfg = Release|Any CPU
		{F3A219BA-3770-4FED-96B6-4472EB90EFB7}.Release|Any CPU.Build.0 = Release|Any CPU
		{F3A219BA-3770-4FED-96B6-4472EB90EFB7}.Release|Any CPU.Deploy.0 = Release|Any CPU
	EndGlobalSection
	GlobalSection(SolutionProperties) = preSolution
		HideSolutionNode = FALSE
	EndGlobalSection
EndGlobal
