
Microsoft Visual Studio Solution File, Format Version 12.00
# Visual Studio 14
VisualStudioVersion = 14.0.23107.0
MinimumVisualStudioVersion = 10.0.40219.1
Project("{2150E333-8FDC-42A3-9474-1A3956D46DE8}") = "1-Layers", "1-Layers", "{1FDA41A3-CA2C-47FB-9BBD-D8A5DF9D1A94}"
EndProject
Project("{2150E333-8FDC-42A3-9474-1A3956D46DE8}") = "1.1 Presentation", "1.1 Presentation", "{EEFEB95F-3056-4A81-9F04-0B1A6D7388D1}"
EndProject
Project("{2150E333-8FDC-42A3-9474-1A3956D46DE8}") = "1.2 Services", "1.2 Services", "{AE628E66-AAD2-4CCD-80F6-1D86FC1B55B0}"
EndProject
Project("{2150E333-8FDC-42A3-9474-1A3956D46DE8}") = "1.3 Domain", "1.3 Domain", "{E8A3E9A1-E2C1-471D-AC35-589492D2D2FC}"
EndProject
Project("{2150E333-8FDC-42A3-9474-1A3956D46DE8}") = "1.4 Database", "1.4 Database", "{4E2F9E48-4A49-4A94-B787-84919023216C}"
EndProject
Project("{2150E333-8FDC-42A3-9474-1A3956D46DE8}") = "Web", "Web", "{E9355148-9D27-4AF1-B403-4AB471491C80}"
EndProject
Project("{00D1A9C2-B5F0-4AF3-8072-F6C62B433612}") = "Codeflyers.EC.DB", "DB\Codeflyers.EC.DB\Codeflyers.EC.DB.sqlproj", "{72897506-F56D-4481-84E3-912A2F06DEC6}"
EndProject
Project("{00D1A9C2-B5F0-4AF3-8072-F6C62B433612}") = "Codeflyers.EC.Test.DB", "DB\Codeflyers.EC.Test.DB\Codeflyers.EC.Test.DB.sqlproj", "{F3A219BA-3770-4FED-96B6-4472EB90EFB7}"
EndProject
Project("{FAE04EC0-301F-11D3-BF4B-00C04F79EFBC}") = "Codeflyers.EC.MVC.CUITest", "MVC\Codeflyers.EC.MVC.CUITest\Codeflyers.EC.MVC.CUITest.csproj", "{6E606E43-BCA6-4BBD-8C28-D901726AACF3}"
EndProject
Project("{8BB2217D-0F2D-49D1-97BC-3654ED321F3B}") = "Codeflyers.EC.Services", "Services\Codeflyers.EC.Services\Codeflyers.EC.Services.xproj", "{75D3C67C-8D2D-45E5-80F7-ECFD6A8C0DF3}"
EndProject
Project("{8BB2217D-0F2D-49D1-97BC-3654ED321F3B}") = "Codeflyers.EC.Domain", "Domain\Codeflyers.EC.Domain\Codeflyers.EC.Domain.xproj", "{8217ED54-B6DD-4735-81D0-37F3392F37A9}"
EndProject
Project("{8BB2217D-0F2D-49D1-97BC-3654ED321F3B}") = "Codeflyers.EC.Domain.xUIntTest", "Domain\Codeflyers.EC.Domain.xUIntTest\Codeflyers.EC.Domain.xUIntTest.xproj", "{D3739DD0-051A-41EF-A4CC-F270AC668D0F}"
EndProject
Project("{8BB2217D-0F2D-49D1-97BC-3654ED321F3B}") = "Codeflyers.EC.Domain.xUTest", "Domain\Codeflyers.EC.Domain.xUTest\Codeflyers.EC.Domain.xUTest.xproj", "{5EE7DD74-3A70-45D9-A9A8-9C1A64780A97}"
EndProject
Project("{8BB2217D-0F2D-49D1-97BC-3654ED321F3B}") = "Codeflyers.EC.Services.xUIntTest", "Services\Codeflyers.EC.Services.xUIntTest\Codeflyers.EC.Services.xUIntTest.xproj", "{F6CFBBE3-8E21-4490-93CF-25C2F3AD0DED}"
EndProject
Project("{8BB2217D-0F2D-49D1-97BC-3654ED321F3B}") = "Codeflyers.EC.Services.xUTest", "Services\Codeflyers.EC.Services.xUTest\Codeflyers.EC.Services.xUTest.xproj", "{455022EE-E256-479B-9AFD-CE98BED37248}"
EndProject
Project("{8BB2217D-0F2D-49D1-97BC-3654ED321F3B}") = "Codeflyers.EC.MVC", "MVC\Codeflyers.EC.MVC\Codeflyers.EC.MVC.xproj", "{5409A1AC-2D2E-43F7-AE59-DCFE023FFA03}"
EndProject
Project("{8BB2217D-0F2D-49D1-97BC-3654ED321F3B}") = "Codeflyers.EC.MVC.xUTest", "MVC\Codeflyers.EC.MVC.xUTest\Codeflyers.EC.MVC.xUTest.xproj", "{800C882E-6142-4D09-ABD4-F54B241A2C73}"
EndProject
Global
	GlobalSection(SolutionConfigurationPlatforms) = preSolution
		Debug|Any CPU = Debug|Any CPU
		Release|Any CPU = Release|Any CPU
	EndGlobalSection
	GlobalSection(ProjectConfigurationPlatforms) = postSolution
		{72897506-F56D-4481-84E3-912A2F06DEC6}.Debug|Any CPU.ActiveCfg = Debug|Any CPU
		{72897506-F56D-4481-84E3-912A2F06DEC6}.Debug|Any CPU.Build.0 = Debug|Any CPU
		{72897506-F56D-4481-84E3-912A2F06DEC6}.Debug|Any CPU.Deploy.0 = Debug|Any CPU
		{72897506-F56D-4481-84E3-912A2F06DEC6}.Release|Any CPU.ActiveCfg = Release|Any CPU
		{72897506-F56D-4481-84E3-912A2F06DEC6}.Release|Any CPU.Build.0 = Release|Any CPU
		{72897506-F56D-4481-84E3-912A2F06DEC6}.Release|Any CPU.Deploy.0 = Release|Any CPU
		{F3A219BA-3770-4FED-96B6-4472EB90EFB7}.Debug|Any CPU.ActiveCfg = Debug|Any CPU
		{F3A219BA-3770-4FED-96B6-4472EB90EFB7}.Debug|Any CPU.Build.0 = Debug|Any CPU
		{F3A219BA-3770-4FED-96B6-4472EB90EFB7}.Debug|Any CPU.Deploy.0 = Debug|Any CPU
		{F3A219BA-3770-4FED-96B6-4472EB90EFB7}.Release|Any CPU.ActiveCfg = Release|Any CPU
		{F3A219BA-3770-4FED-96B6-4472EB90EFB7}.Release|Any CPU.Build.0 = Release|Any CPU
		{F3A219BA-3770-4FED-96B6-4472EB90EFB7}.Release|Any CPU.Deploy.0 = Release|Any CPU
		{6E606E43-BCA6-4BBD-8C28-D901726AACF3}.Debug|Any CPU.ActiveCfg = Debug|Any CPU
		{6E606E43-BCA6-4BBD-8C28-D901726AACF3}.Debug|Any CPU.Build.0 = Debug|Any CPU
		{6E606E43-BCA6-4BBD-8C28-D901726AACF3}.Release|Any CPU.ActiveCfg = Release|Any CPU
		{6E606E43-BCA6-4BBD-8C28-D901726AACF3}.Release|Any CPU.Build.0 = Release|Any CPU
		{75D3C67C-8D2D-45E5-80F7-ECFD6A8C0DF3}.Debug|Any CPU.ActiveCfg = Debug|Any CPU
		{75D3C67C-8D2D-45E5-80F7-ECFD6A8C0DF3}.Debug|Any CPU.Build.0 = Debug|Any CPU
		{75D3C67C-8D2D-45E5-80F7-ECFD6A8C0DF3}.Release|Any CPU.ActiveCfg = Release|Any CPU
		{75D3C67C-8D2D-45E5-80F7-ECFD6A8C0DF3}.Release|Any CPU.Build.0 = Release|Any CPU
		{8217ED54-B6DD-4735-81D0-37F3392F37A9}.Debug|Any CPU.ActiveCfg = Debug|Any CPU
		{8217ED54-B6DD-4735-81D0-37F3392F37A9}.Debug|Any CPU.Build.0 = Debug|Any CPU
		{8217ED54-B6DD-4735-81D0-37F3392F37A9}.Release|Any CPU.ActiveCfg = Release|Any CPU
		{8217ED54-B6DD-4735-81D0-37F3392F37A9}.Release|Any CPU.Build.0 = Release|Any CPU
		{D3739DD0-051A-41EF-A4CC-F270AC668D0F}.Debug|Any CPU.ActiveCfg = Debug|Any CPU
		{D3739DD0-051A-41EF-A4CC-F270AC668D0F}.Debug|Any CPU.Build.0 = Debug|Any CPU
		{D3739DD0-051A-41EF-A4CC-F270AC668D0F}.Release|Any CPU.ActiveCfg = Release|Any CPU
		{D3739DD0-051A-41EF-A4CC-F270AC668D0F}.Release|Any CPU.Build.0 = Release|Any CPU
		{5EE7DD74-3A70-45D9-A9A8-9C1A64780A97}.Debug|Any CPU.ActiveCfg = Debug|Any CPU
		{5EE7DD74-3A70-45D9-A9A8-9C1A64780A97}.Debug|Any CPU.Build.0 = Debug|Any CPU
		{5EE7DD74-3A70-45D9-A9A8-9C1A64780A97}.Release|Any CPU.ActiveCfg = Release|Any CPU
		{5EE7DD74-3A70-45D9-A9A8-9C1A64780A97}.Release|Any CPU.Build.0 = Release|Any CPU
		{F6CFBBE3-8E21-4490-93CF-25C2F3AD0DED}.Debug|Any CPU.ActiveCfg = Debug|Any CPU
		{F6CFBBE3-8E21-4490-93CF-25C2F3AD0DED}.Debug|Any CPU.Build.0 = Debug|Any CPU
		{F6CFBBE3-8E21-4490-93CF-25C2F3AD0DED}.Release|Any CPU.ActiveCfg = Release|Any CPU
		{F6CFBBE3-8E21-4490-93CF-25C2F3AD0DED}.Release|Any CPU.Build.0 = Release|Any CPU
		{455022EE-E256-479B-9AFD-CE98BED37248}.Debug|Any CPU.ActiveCfg = Debug|Any CPU
		{455022EE-E256-479B-9AFD-CE98BED37248}.Debug|Any CPU.Build.0 = Debug|Any CPU
		{455022EE-E256-479B-9AFD-CE98BED37248}.Release|Any CPU.ActiveCfg = Release|Any CPU
		{455022EE-E256-479B-9AFD-CE98BED37248}.Release|Any CPU.Build.0 = Release|Any CPU
		{5409A1AC-2D2E-43F7-AE59-DCFE023FFA03}.Debug|Any CPU.ActiveCfg = Debug|Any CPU
		{5409A1AC-2D2E-43F7-AE59-DCFE023FFA03}.Debug|Any CPU.Build.0 = Debug|Any CPU
		{5409A1AC-2D2E-43F7-AE59-DCFE023FFA03}.Release|Any CPU.ActiveCfg = Release|Any CPU
		{5409A1AC-2D2E-43F7-AE59-DCFE023FFA03}.Release|Any CPU.Build.0 = Release|Any CPU
		{800C882E-6142-4D09-ABD4-F54B241A2C73}.Debug|Any CPU.ActiveCfg = Debug|Any CPU
		{800C882E-6142-4D09-ABD4-F54B241A2C73}.Debug|Any CPU.Build.0 = Debug|Any CPU
		{800C882E-6142-4D09-ABD4-F54B241A2C73}.Release|Any CPU.ActiveCfg = Release|Any CPU
		{800C882E-6142-4D09-ABD4-F54B241A2C73}.Release|Any CPU.Build.0 = Release|Any CPU
	EndGlobalSection
	GlobalSection(SolutionProperties) = preSolution
		HideSolutionNode = FALSE
	EndGlobalSection
	GlobalSection(NestedProjects) = preSolution
		{EEFEB95F-3056-4A81-9F04-0B1A6D7388D1} = {1FDA41A3-CA2C-47FB-9BBD-D8A5DF9D1A94}
		{AE628E66-AAD2-4CCD-80F6-1D86FC1B55B0} = {1FDA41A3-CA2C-47FB-9BBD-D8A5DF9D1A94}
		{E8A3E9A1-E2C1-471D-AC35-589492D2D2FC} = {1FDA41A3-CA2C-47FB-9BBD-D8A5DF9D1A94}
		{4E2F9E48-4A49-4A94-B787-84919023216C} = {1FDA41A3-CA2C-47FB-9BBD-D8A5DF9D1A94}
		{E9355148-9D27-4AF1-B403-4AB471491C80} = {EEFEB95F-3056-4A81-9F04-0B1A6D7388D1}
		{72897506-F56D-4481-84E3-912A2F06DEC6} = {4E2F9E48-4A49-4A94-B787-84919023216C}
		{F3A219BA-3770-4FED-96B6-4472EB90EFB7} = {4E2F9E48-4A49-4A94-B787-84919023216C}
		{6E606E43-BCA6-4BBD-8C28-D901726AACF3} = {E9355148-9D27-4AF1-B403-4AB471491C80}
		{75D3C67C-8D2D-45E5-80F7-ECFD6A8C0DF3} = {AE628E66-AAD2-4CCD-80F6-1D86FC1B55B0}
		{8217ED54-B6DD-4735-81D0-37F3392F37A9} = {E8A3E9A1-E2C1-471D-AC35-589492D2D2FC}
		{D3739DD0-051A-41EF-A4CC-F270AC668D0F} = {E8A3E9A1-E2C1-471D-AC35-589492D2D2FC}
		{5EE7DD74-3A70-45D9-A9A8-9C1A64780A97} = {E8A3E9A1-E2C1-471D-AC35-589492D2D2FC}
		{F6CFBBE3-8E21-4490-93CF-25C2F3AD0DED} = {AE628E66-AAD2-4CCD-80F6-1D86FC1B55B0}
		{455022EE-E256-479B-9AFD-CE98BED37248} = {AE628E66-AAD2-4CCD-80F6-1D86FC1B55B0}
		{5409A1AC-2D2E-43F7-AE59-DCFE023FFA03} = {E9355148-9D27-4AF1-B403-4AB471491C80}
		{800C882E-6142-4D09-ABD4-F54B241A2C73} = {E9355148-9D27-4AF1-B403-4AB471491C80}
	EndGlobalSection
EndGlobal
