
Microsoft Visual Studio Solution File, Format Version 12.00
# Visual Studio 14
VisualStudioVersion = 14.0.23107.0
MinimumVisualStudioVersion = 10.0.40219.1
Project("{FAE04EC0-301F-11D3-BF4B-00C04F79EFBC}") = "Codeflyers.EC.Domain.MSIntTest", "Codeflyers.EC.Domain.MSIntTest\Codeflyers.EC.Domain.MSIntTest.csproj", "{06B9ED5B-83AF-4AE7-B944-A5873E9BA82F}"
EndProject
Project("{FAE04EC0-301F-11D3-BF4B-00C04F79EFBC}") = "Codeflyers.EC.Domain.MSUTest", "Codeflyers.EC.Domain.MSUTest\Codeflyers.EC.Domain.MSUTest.csproj", "{29992325-3985-4099-A9DD-9A55A3F4D47A}"
EndProject
Project("{2150E333-8FDC-42A3-9474-1A3956D46DE8}") = "Solution Items", "Solution Items", "{8F8DA80B-362F-4D6B-A533-AFCE122CC175}"
	ProjectSection(SolutionItems) = preProject
		nuget.config = nuget.config
	EndProjectSection
EndProject
Project("{FAE04EC0-301F-11D3-BF4B-00C04F79EFBC}") = "Codeflyers.EC.Domain", "Codeflyers.EC.Domain\Codeflyers.EC.Domain.csproj", "{709B6106-7DF0-4199-B004-25581CFAD7A5}"
EndProject
Global
	GlobalSection(SolutionConfigurationPlatforms) = preSolution
		Debug|Any CPU = Debug|Any CPU
		Release|Any CPU = Release|Any CPU
	EndGlobalSection
	GlobalSection(ProjectConfigurationPlatforms) = postSolution
		{06B9ED5B-83AF-4AE7-B944-A5873E9BA82F}.Debug|Any CPU.ActiveCfg = Debug|Any CPU
		{06B9ED5B-83AF-4AE7-B944-A5873E9BA82F}.Debug|Any CPU.Build.0 = Debug|Any CPU
		{06B9ED5B-83AF-4AE7-B944-A5873E9BA82F}.Release|Any CPU.ActiveCfg = Release|Any CPU
		{06B9ED5B-83AF-4AE7-B944-A5873E9BA82F}.Release|Any CPU.Build.0 = Release|Any CPU
		{29992325-3985-4099-A9DD-9A55A3F4D47A}.Debug|Any CPU.ActiveCfg = Debug|Any CPU
		{29992325-3985-4099-A9DD-9A55A3F4D47A}.Debug|Any CPU.Build.0 = Debug|Any CPU
		{29992325-3985-4099-A9DD-9A55A3F4D47A}.Release|Any CPU.ActiveCfg = Release|Any CPU
		{29992325-3985-4099-A9DD-9A55A3F4D47A}.Release|Any CPU.Build.0 = Release|Any CPU
		{709B6106-7DF0-4199-B004-25581CFAD7A5}.Debug|Any CPU.ActiveCfg = Debug|Any CPU
		{709B6106-7DF0-4199-B004-25581CFAD7A5}.Debug|Any CPU.Build.0 = Debug|Any CPU
		{709B6106-7DF0-4199-B004-25581CFAD7A5}.Release|Any CPU.ActiveCfg = Release|Any CPU
		{709B6106-7DF0-4199-B004-25581CFAD7A5}.Release|Any CPU.Build.0 = Release|Any CPU
	EndGlobalSection
	GlobalSection(SolutionProperties) = preSolution
		HideSolutionNode = FALSE
	EndGlobalSection
EndGlobal
