
Microsoft Visual Studio Solution File, Format Version 12.00
# Visual Studio 14
VisualStudioVersion = 14.0.23107.0
MinimumVisualStudioVersion = 10.0.40219.1
Project("{2150E333-8FDC-42A3-9474-1A3956D46DE8}") = "1-Layers", "1-Layers", "{1FDA41A3-CA2C-47FB-9BBD-D8A5DF9D1A94}"
EndProject
Project("{2150E333-8FDC-42A3-9474-1A3956D46DE8}") = "1.1 Presentation", "1.1 Presentation", "{EEFEB95F-3056-4A81-9F04-0B1A6D7388D1}"
EndProject
Project("{2150E333-8FDC-42A3-9474-1A3956D46DE8}") = "1.2 Services", "1.2 Services", "{AE628E66-AAD2-4CCD-80F6-1D86FC1B55B0}"
EndProject
Project("{2150E333-8FDC-42A3-9474-1A3956D46DE8}") = "1.3 Domain", "1.3 Domain", "{E8A3E9A1-E2C1-471D-AC35-589492D2D2FC}"
EndProject
Project("{2150E333-8FDC-42A3-9474-1A3956D46DE8}") = "1.4 Database", "1.4 Database", "{4E2F9E48-4A49-4A94-B787-84919023216C}"
EndProject
Project("{2150E333-8FDC-42A3-9474-1A3956D46DE8}") = "Desktop", "Desktop", "{35F085F1-0178-4C80-8041-E0576E3AE4B5}"
EndProject
Project("{2150E333-8FDC-42A3-9474-1A3956D46DE8}") = "WPF", "WPF", "{2BBD854A-9D02-42D7-AEB1-071574378065}"
EndProject
Project("{2150E333-8FDC-42A3-9474-1A3956D46DE8}") = "Solution Items", "Solution Items", "{B285B05C-D6FF-4916-AE11-0132CF2A9387}"
	ProjectSection(SolutionItems) = preProject
		nuget.config = nuget.config
	EndProjectSection
EndProject
Project("{00D1A9C2-B5F0-4AF3-8072-F6C62B433612}") = "Codeflyers.EC.DB", "DB\Codeflyers.EC.DB\Codeflyers.EC.DB.sqlproj", "{72897506-F56D-4481-84E3-912A2F06DEC6}"
EndProject
Project("{00D1A9C2-B5F0-4AF3-8072-F6C62B433612}") = "Codeflyers.EC.Test.DB", "DB\Codeflyers.EC.Test.DB\Codeflyers.EC.Test.DB.sqlproj", "{F3A219BA-3770-4FED-96B6-4472EB90EFB7}"
EndProject
Project("{FAE04EC0-301F-11D3-BF4B-00C04F79EFBC}") = "Codeflyers.EC.Domain.MSIntTest", "Domain\Codeflyers.EC.Domain.MSIntTest\Codeflyers.EC.Domain.MSIntTest.csproj", "{06B9ED5B-83AF-4AE7-B944-A5873E9BA82F}"
EndProject
Project("{FAE04EC0-301F-11D3-BF4B-00C04F79EFBC}") = "Codeflyers.EC.Domain.MSUTest", "Domain\Codeflyers.EC.Domain.MSUTest\Codeflyers.EC.Domain.MSUTest.csproj", "{29992325-3985-4099-A9DD-9A55A3F4D47A}"
EndProject
Project("{FAE04EC0-301F-11D3-BF4B-00C04F79EFBC}") = "Codeflyers.EC.Services.MSIntTest", "Services\Codeflyers.EC.Services.MSIntTest\Codeflyers.EC.Services.MSIntTest.csproj", "{C425FEBA-F936-4B90-951E-5EA44C65AE42}"
EndProject
Project("{FAE04EC0-301F-11D3-BF4B-00C04F79EFBC}") = "Codeflyers.EC.Services.MSUTest", "Services\Codeflyers.EC.Services.MSUTest\Codeflyers.EC.Services.MSUTest.csproj", "{A75615FE-0AFC-44DC-8CB6-3477962E432E}"
EndProject
Project("{FAE04EC0-301F-11D3-BF4B-00C04F79EFBC}") = "Codeflyers.EC.WPF", "WPF\Codeflyers.EC.WPF\Codeflyers.EC.WPF.csproj", "{95C657CC-E78B-4936-B7D3-4127557984F6}"
EndProject
Project("{FAE04EC0-301F-11D3-BF4B-00C04F79EFBC}") = "Codeflyers.EC.WPF.CUITest", "WPF\Codeflyers.EC.WPF.CUITest\Codeflyers.EC.WPF.CUITest.csproj", "{87026729-9900-4723-9DB5-4B8839EFF359}"
EndProject
Project("{FAE04EC0-301F-11D3-BF4B-00C04F79EFBC}") = "Codeflyers.EC.WPF.MSUTest", "WPF\Codeflyers.EC.WPF.MSUTest\Codeflyers.EC.WPF.MSUTest.csproj", "{D308898E-2B77-466E-98C7-B1FD8D2BB5B5}"
EndProject
Project("{FAE04EC0-301F-11D3-BF4B-00C04F79EFBC}") = "Codeflyers.EC.Domain", "Domain\Codeflyers.EC.Domain\Codeflyers.EC.Domain.csproj", "{709B6106-7DF0-4199-B004-25581CFAD7A5}"
EndProject
Project("{FAE04EC0-301F-11D3-BF4B-00C04F79EFBC}") = "Codeflyers.EC.Services", "Services\Codeflyers.EC.Services\Codeflyers.EC.Services.csproj", "{B8B167BD-0D1F-4EF2-81CD-5CEDD5CD65FA}"
EndProject
Global
	GlobalSection(SolutionConfigurationPlatforms) = preSolution
		Debug|Any CPU = Debug|Any CPU
		Release|Any CPU = Release|Any CPU
	EndGlobalSection
	GlobalSection(ProjectConfigurationPlatforms) = postSolution
		{72897506-F56D-4481-84E3-912A2F06DEC6}.Debug|Any CPU.ActiveCfg = Debug|Any CPU
		{72897506-F56D-4481-84E3-912A2F06DEC6}.Debug|Any CPU.Build.0 = Debug|Any CPU
		{72897506-F56D-4481-84E3-912A2F06DEC6}.Debug|Any CPU.Deploy.0 = Debug|Any CPU
		{72897506-F56D-4481-84E3-912A2F06DEC6}.Release|Any CPU.ActiveCfg = Release|Any CPU
		{72897506-F56D-4481-84E3-912A2F06DEC6}.Release|Any CPU.Build.0 = Release|Any CPU
		{72897506-F56D-4481-84E3-912A2F06DEC6}.Release|Any CPU.Deploy.0 = Release|Any CPU
		{F3A219BA-3770-4FED-96B6-4472EB90EFB7}.Debug|Any CPU.ActiveCfg = Debug|Any CPU
		{F3A219BA-3770-4FED-96B6-4472EB90EFB7}.Debug|Any CPU.Build.0 = Debug|Any CPU
		{F3A219BA-3770-4FED-96B6-4472EB90EFB7}.Debug|Any CPU.Deploy.0 = Debug|Any CPU
		{F3A219BA-3770-4FED-96B6-4472EB90EFB7}.Release|Any CPU.ActiveCfg = Release|Any CPU
		{F3A219BA-3770-4FED-96B6-4472EB90EFB7}.Release|Any CPU.Build.0 = Release|Any CPU
		{F3A219BA-3770-4FED-96B6-4472EB90EFB7}.Release|Any CPU.Deploy.0 = Release|Any CPU
		{06B9ED5B-83AF-4AE7-B944-A5873E9BA82F}.Debug|Any CPU.ActiveCfg = Debug|Any CPU
		{06B9ED5B-83AF-4AE7-B944-A5873E9BA82F}.Debug|Any CPU.Build.0 = Debug|Any CPU
		{06B9ED5B-83AF-4AE7-B944-A5873E9BA82F}.Release|Any CPU.ActiveCfg = Release|Any CPU
		{06B9ED5B-83AF-4AE7-B944-A5873E9BA82F}.Release|Any CPU.Build.0 = Release|Any CPU
		{29992325-3985-4099-A9DD-9A55A3F4D47A}.Debug|Any CPU.ActiveCfg = Debug|Any CPU
		{29992325-3985-4099-A9DD-9A55A3F4D47A}.Debug|Any CPU.Build.0 = Debug|Any CPU
		{29992325-3985-4099-A9DD-9A55A3F4D47A}.Release|Any CPU.ActiveCfg = Release|Any CPU
		{29992325-3985-4099-A9DD-9A55A3F4D47A}.Release|Any CPU.Build.0 = Release|Any CPU
		{C425FEBA-F936-4B90-951E-5EA44C65AE42}.Debug|Any CPU.ActiveCfg = Debug|Any CPU
		{C425FEBA-F936-4B90-951E-5EA44C65AE42}.Debug|Any CPU.Build.0 = Debug|Any CPU
		{C425FEBA-F936-4B90-951E-5EA44C65AE42}.Release|Any CPU.ActiveCfg = Release|Any CPU
		{C425FEBA-F936-4B90-951E-5EA44C65AE42}.Release|Any CPU.Build.0 = Release|Any CPU
		{A75615FE-0AFC-44DC-8CB6-3477962E432E}.Debug|Any CPU.ActiveCfg = Debug|Any CPU
		{A75615FE-0AFC-44DC-8CB6-3477962E432E}.Debug|Any CPU.Build.0 = Debug|Any CPU
		{A75615FE-0AFC-44DC-8CB6-3477962E432E}.Release|Any CPU.ActiveCfg = Release|Any CPU
		{A75615FE-0AFC-44DC-8CB6-3477962E432E}.Release|Any CPU.Build.0 = Release|Any CPU
		{95C657CC-E78B-4936-B7D3-4127557984F6}.Debug|Any CPU.ActiveCfg = Debug|Any CPU
		{95C657CC-E78B-4936-B7D3-4127557984F6}.Debug|Any CPU.Build.0 = Debug|Any CPU
		{95C657CC-E78B-4936-B7D3-4127557984F6}.Release|Any CPU.ActiveCfg = Release|Any CPU
		{95C657CC-E78B-4936-B7D3-4127557984F6}.Release|Any CPU.Build.0 = Release|Any CPU
		{87026729-9900-4723-9DB5-4B8839EFF359}.Debug|Any CPU.ActiveCfg = Debug|Any CPU
		{87026729-9900-4723-9DB5-4B8839EFF359}.Debug|Any CPU.Build.0 = Debug|Any CPU
		{87026729-9900-4723-9DB5-4B8839EFF359}.Release|Any CPU.ActiveCfg = Release|Any CPU
		{87026729-9900-4723-9DB5-4B8839EFF359}.Release|Any CPU.Build.0 = Release|Any CPU
		{D308898E-2B77-466E-98C7-B1FD8D2BB5B5}.Debug|Any CPU.ActiveCfg = Debug|Any CPU
		{D308898E-2B77-466E-98C7-B1FD8D2BB5B5}.Debug|Any CPU.Build.0 = Debug|Any CPU
		{D308898E-2B77-466E-98C7-B1FD8D2BB5B5}.Release|Any CPU.ActiveCfg = Release|Any CPU
		{D308898E-2B77-466E-98C7-B1FD8D2BB5B5}.Release|Any CPU.Build.0 = Release|Any CPU
		{709B6106-7DF0-4199-B004-25581CFAD7A5}.Debug|Any CPU.ActiveCfg = Debug|Any CPU
		{709B6106-7DF0-4199-B004-25581CFAD7A5}.Debug|Any CPU.Build.0 = Debug|Any CPU
		{709B6106-7DF0-4199-B004-25581CFAD7A5}.Release|Any CPU.ActiveCfg = Release|Any CPU
		{709B6106-7DF0-4199-B004-25581CFAD7A5}.Release|Any CPU.Build.0 = Release|Any CPU
		{B8B167BD-0D1F-4EF2-81CD-5CEDD5CD65FA}.Debug|Any CPU.ActiveCfg = Debug|Any CPU
		{B8B167BD-0D1F-4EF2-81CD-5CEDD5CD65FA}.Debug|Any CPU.Build.0 = Debug|Any CPU
		{B8B167BD-0D1F-4EF2-81CD-5CEDD5CD65FA}.Release|Any CPU.ActiveCfg = Release|Any CPU
		{B8B167BD-0D1F-4EF2-81CD-5CEDD5CD65FA}.Release|Any CPU.Build.0 = Release|Any CPU
	EndGlobalSection
	GlobalSection(SolutionProperties) = preSolution
		HideSolutionNode = FALSE
	EndGlobalSection
	GlobalSection(NestedProjects) = preSolution
		{EEFEB95F-3056-4A81-9F04-0B1A6D7388D1} = {1FDA41A3-CA2C-47FB-9BBD-D8A5DF9D1A94}
		{AE628E66-AAD2-4CCD-80F6-1D86FC1B55B0} = {1FDA41A3-CA2C-47FB-9BBD-D8A5DF9D1A94}
		{E8A3E9A1-E2C1-471D-AC35-589492D2D2FC} = {1FDA41A3-CA2C-47FB-9BBD-D8A5DF9D1A94}
		{4E2F9E48-4A49-4A94-B787-84919023216C} = {1FDA41A3-CA2C-47FB-9BBD-D8A5DF9D1A94}
		{35F085F1-0178-4C80-8041-E0576E3AE4B5} = {EEFEB95F-3056-4A81-9F04-0B1A6D7388D1}
		{2BBD854A-9D02-42D7-AEB1-071574378065} = {35F085F1-0178-4C80-8041-E0576E3AE4B5}
		{72897506-F56D-4481-84E3-912A2F06DEC6} = {4E2F9E48-4A49-4A94-B787-84919023216C}
		{F3A219BA-3770-4FED-96B6-4472EB90EFB7} = {4E2F9E48-4A49-4A94-B787-84919023216C}
		{06B9ED5B-83AF-4AE7-B944-A5873E9BA82F} = {E8A3E9A1-E2C1-471D-AC35-589492D2D2FC}
		{29992325-3985-4099-A9DD-9A55A3F4D47A} = {E8A3E9A1-E2C1-471D-AC35-589492D2D2FC}
		{C425FEBA-F936-4B90-951E-5EA44C65AE42} = {AE628E66-AAD2-4CCD-80F6-1D86FC1B55B0}
		{A75615FE-0AFC-44DC-8CB6-3477962E432E} = {AE628E66-AAD2-4CCD-80F6-1D86FC1B55B0}
		{95C657CC-E78B-4936-B7D3-4127557984F6} = {2BBD854A-9D02-42D7-AEB1-071574378065}
		{87026729-9900-4723-9DB5-4B8839EFF359} = {2BBD854A-9D02-42D7-AEB1-071574378065}
		{D308898E-2B77-466E-98C7-B1FD8D2BB5B5} = {2BBD854A-9D02-42D7-AEB1-071574378065}
		{709B6106-7DF0-4199-B004-25581CFAD7A5} = {E8A3E9A1-E2C1-471D-AC35-589492D2D2FC}
		{B8B167BD-0D1F-4EF2-81CD-5CEDD5CD65FA} = {AE628E66-AAD2-4CCD-80F6-1D86FC1B55B0}
	EndGlobalSection
EndGlobal
